
Microsoft Visual Studio Solution File, Format Version 11.00
# Visual Studio 2010
Project("{FAE04EC0-301F-11D3-BF4B-00C04F79EFBC}") = "Unity.2D.Tilemap.Extras", "Unity.2D.Tilemap.Extras.csproj", "{c404a4ae-f980-437c-693a-e60932599852}"
EndProject
Project("{FAE04EC0-301F-11D3-BF4B-00C04F79EFBC}") = "Assembly-CSharp", "Assembly-CSharp.csproj", "{32d8820a-eded-42fc-fba2-967d4debbe8c}"
EndProject
Project("{FAE04EC0-301F-11D3-BF4B-00C04F79EFBC}") = "Unity.2D.Tilemap.Extras.Editor", "Unity.2D.Tilemap.Extras.Editor.csproj", "{65a88f09-4c23-277e-5b49-cc662c2851ca}"
EndProject
Project("{FAE04EC0-301F-11D3-BF4B-00C04F79EFBC}") = "Unity.2D.Tilemap.Extras.Placeholder.EditorTests", "Unity.2D.Tilemap.Extras.Placeholder.EditorTests.csproj", "{59553ab7-8c0f-90ac-b802-1f79fdc29f61}"
EndProject
Global
	GlobalSection(SolutionConfigurationPlatforms) = preSolution
		Debug|Any CPU = Debug|Any CPU
	EndGlobalSection
	GlobalSection(ProjectConfigurationPlatforms) = postSolution
		{c404a4ae-f980-437c-693a-e60932599852}.Debug|Any CPU.ActiveCfg = Debug|Any CPU
		{c404a4ae-f980-437c-693a-e60932599852}.Debug|Any CPU.Build.0 = Debug|Any CPU
		{32d8820a-eded-42fc-fba2-967d4debbe8c}.Debug|Any CPU.ActiveCfg = Debug|Any CPU
		{32d8820a-eded-42fc-fba2-967d4debbe8c}.Debug|Any CPU.Build.0 = Debug|Any CPU
		{65a88f09-4c23-277e-5b49-cc662c2851ca}.Debug|Any CPU.ActiveCfg = Debug|Any CPU
		{65a88f09-4c23-277e-5b49-cc662c2851ca}.Debug|Any CPU.Build.0 = Debug|Any CPU
		{59553ab7-8c0f-90ac-b802-1f79fdc29f61}.Debug|Any CPU.ActiveCfg = Debug|Any CPU
		{59553ab7-8c0f-90ac-b802-1f79fdc29f61}.Debug|Any CPU.Build.0 = Debug|Any CPU
	EndGlobalSection
	GlobalSection(SolutionProperties) = preSolution
		HideSolutionNode = FALSE
	EndGlobalSection
EndGlobal
